// !$*UTF8*$!
{
	archiveVersion = 1;
	classes = {
	};
	objectVersion = 55;
	objects = {

/* Begin PBXBuildFile section */
		66DA1F3C280127360010BC1F /* Tests_iOS.swift in Sources */ = {isa = PBXBuildFile; fileRef = 66DA1F3B280127360010BC1F /* Tests_iOS.swift */; };
		66DA1F3E280127360010BC1F /* Tests_iOSLaunchTests.swift in Sources */ = {isa = PBXBuildFile; fileRef = 66DA1F3D280127360010BC1F /* Tests_iOSLaunchTests.swift */; };
		66DA1F48280127360010BC1F /* Tests_macOS.swift in Sources */ = {isa = PBXBuildFile; fileRef = 66DA1F47280127360010BC1F /* Tests_macOS.swift */; };
		66DA1F4A280127360010BC1F /* Tests_macOSLaunchTests.swift in Sources */ = {isa = PBXBuildFile; fileRef = 66DA1F49280127360010BC1F /* Tests_macOSLaunchTests.swift */; };
		66DA1F4B280127360010BC1F /* Object_Oriented_ProgrammingApp.swift in Sources */ = {isa = PBXBuildFile; fileRef = 66DA1F23280127330010BC1F /* Object_Oriented_ProgrammingApp.swift */; };
		66DA1F4C280127360010BC1F /* Object_Oriented_ProgrammingApp.swift in Sources */ = {isa = PBXBuildFile; fileRef = 66DA1F23280127330010BC1F /* Object_Oriented_ProgrammingApp.swift */; };
		66DA1F4D280127360010BC1F /* ContentView.swift in Sources */ = {isa = PBXBuildFile; fileRef = 66DA1F24280127330010BC1F /* ContentView.swift */; };
		66DA1F4E280127360010BC1F /* ContentView.swift in Sources */ = {isa = PBXBuildFile; fileRef = 66DA1F24280127330010BC1F /* ContentView.swift */; };
		66DA1F4F280127360010BC1F /* Assets.xcassets in Resources */ = {isa = PBXBuildFile; fileRef = 66DA1F25280127360010BC1F /* Assets.xcassets */; };
		66DA1F50280127360010BC1F /* Assets.xcassets in Resources */ = {isa = PBXBuildFile; fileRef = 66DA1F25280127360010BC1F /* Assets.xcassets */; };
/* End PBXBuildFile section */

/* Begin PBXContainerItemProxy section */
		66DA1F38280127360010BC1F /* PBXContainerItemProxy */ = {
			isa = PBXContainerItemProxy;
			containerPortal = 66DA1F1E280127330010BC1F /* Project object */;
			proxyType = 1;
			remoteGlobalIDString = 66DA1F29280127360010BC1F;
			remoteInfo = "Object Oriented Programming (iOS)";
		};
		66DA1F44280127360010BC1F /* PBXContainerItemProxy */ = {
			isa = PBXContainerItemProxy;
			containerPortal = 66DA1F1E280127330010BC1F /* Project object */;
			proxyType = 1;
			remoteGlobalIDString = 66DA1F2F280127360010BC1F;
			remoteInfo = "Object Oriented Programming (macOS)";
		};
/* End PBXContainerItemProxy section */

/* Begin PBXFileReference section */
		66DA1F23280127330010BC1F /* Object_Oriented_ProgrammingApp.swift */ = {isa = PBXFileReference; lastKnownFileType = sourcecode.swift; path = Object_Oriented_ProgrammingApp.swift; sourceTree = "<group>"; };
		66DA1F24280127330010BC1F /* ContentView.swift */ = {isa = PBXFileReference; lastKnownFileType = sourcecode.swift; path = ContentView.swift; sourceTree = "<group>"; };
		66DA1F25280127360010BC1F /* Assets.xcassets */ = {isa = PBXFileReference; lastKnownFileType = folder.assetcatalog; path = Assets.xcassets; sourceTree = "<group>"; };
		66DA1F2A280127360010BC1F /* Object Oriented Programming.app */ = {isa = PBXFileReference; explicitFileType = wrapper.application; includeInIndex = 0; path = "Object Oriented Programming.app"; sourceTree = BUILT_PRODUCTS_DIR; };
		66DA1F30280127360010BC1F /* Object Oriented Programming.app */ = {isa = PBXFileReference; explicitFileType = wrapper.application; includeInIndex = 0; path = "Object Oriented Programming.app"; sourceTree = BUILT_PRODUCTS_DIR; };
		66DA1F32280127360010BC1F /* macOS.entitlements */ = {isa = PBXFileReference; lastKnownFileType = text.plist.entitlements; path = macOS.entitlements; sourceTree = "<group>"; };
		66DA1F37280127360010BC1F /* Tests iOS.xctest */ = {isa = PBXFileReference; explicitFileType = wrapper.cfbundle; includeInIndex = 0; path = "Tests iOS.xctest"; sourceTree = BUILT_PRODUCTS_DIR; };
		66DA1F3B280127360010BC1F /* Tests_iOS.swift */ = {isa = PBXFileReference; lastKnownFileType = sourcecode.swift; path = Tests_iOS.swift; sourceTree = "<group>"; };
		66DA1F3D280127360010BC1F /* Tests_iOSLaunchTests.swift */ = {isa = PBXFileReference; lastKnownFileType = sourcecode.swift; path = Tests_iOSLaunchTests.swift; sourceTree = "<group>"; };
		66DA1F43280127360010BC1F /* Tests macOS.xctest */ = {isa = PBXFileReference; explicitFileType = wrapper.cfbundle; includeInIndex = 0; path = "Tests macOS.xctest"; sourceTree = BUILT_PRODUCTS_DIR; };
		66DA1F47280127360010BC1F /* Tests_macOS.swift */ = {isa = PBXFileReference; lastKnownFileType = sourcecode.swift; path = Tests_macOS.swift; sourceTree = "<group>"; };
		66DA1F49280127360010BC1F /* Tests_macOSLaunchTests.swift */ = {isa = PBXFileReference; lastKnownFileType = sourcecode.swift; path = Tests_macOSLaunchTests.swift; sourceTree = "<group>"; };
/* End PBXFileReference section */

/* Begin PBXFrameworksBuildPhase section */
		66DA1F27280127360010BC1F /* Frameworks */ = {
			isa = PBXFrameworksBuildPhase;
			buildActionMask = 2147483647;
			files = (
			);
			runOnlyForDeploymentPostprocessing = 0;
		};
		66DA1F2D280127360010BC1F /* Frameworks */ = {
			isa = PBXFrameworksBuildPhase;
			buildActionMask = 2147483647;
			files = (
			);
			runOnlyForDeploymentPostprocessing = 0;
		};
		66DA1F34280127360010BC1F /* Frameworks */ = {
			isa = PBXFrameworksBuildPhase;
			buildActionMask = 2147483647;
			files = (
			);
			runOnlyForDeploymentPostprocessing = 0;
		};
		66DA1F40280127360010BC1F /* Frameworks */ = {
			isa = PBXFrameworksBuildPhase;
			buildActionMask = 2147483647;
			files = (
			);
			runOnlyForDeploymentPostprocessing = 0;
		};
/* End PBXFrameworksBuildPhase section */

/* Begin PBXGroup section */
		66DA1F1D280127330010BC1F = {
			isa = PBXGroup;
			children = (
				66DA1F22280127330010BC1F /* Shared */,
				66DA1F31280127360010BC1F /* macOS */,
				66DA1F3A280127360010BC1F /* Tests iOS */,
				66DA1F46280127360010BC1F /* Tests macOS */,
				66DA1F2B280127360010BC1F /* Products */,
			);
			sourceTree = "<group>";
		};
		66DA1F22280127330010BC1F /* Shared */ = {
			isa = PBXGroup;
			children = (
				66DA1F23280127330010BC1F /* Object_Oriented_ProgrammingApp.swift */,
				66DA1F24280127330010BC1F /* ContentView.swift */,
				66DA1F25280127360010BC1F /* Assets.xcassets */,
			);
			path = Shared;
			sourceTree = "<group>";
		};
		66DA1F2B280127360010BC1F /* Products */ = {
			isa = PBXGroup;
			children = (
				66DA1F2A280127360010BC1F /* Object Oriented Programming.app */,
				66DA1F30280127360010BC1F /* Object Oriented Programming.app */,
				66DA1F37280127360010BC1F /* Tests iOS.xctest */,
				66DA1F43280127360010BC1F /* Tests macOS.xctest */,
			);
			name = Products;
			sourceTree = "<group>";
		};
		66DA1F31280127360010BC1F /* macOS */ = {
			isa = PBXGroup;
			children = (
				66DA1F32280127360010BC1F /* macOS.entitlements */,
			);
			path = macOS;
			sourceTree = "<group>";
		};
		66DA1F3A280127360010BC1F /* Tests iOS */ = {
			isa = PBXGroup;
			children = (
				66DA1F3B280127360010BC1F /* Tests_iOS.swift */,
				66DA1F3D280127360010BC1F /* Tests_iOSLaunchTests.swift */,
			);
			path = "Tests iOS";
			sourceTree = "<group>";
		};
		66DA1F46280127360010BC1F /* Tests macOS */ = {
			isa = PBXGroup;
			children = (
				66DA1F47280127360010BC1F /* Tests_macOS.swift */,
				66DA1F49280127360010BC1F /* Tests_macOSLaunchTests.swift */,
			);
			path = "Tests macOS";
			sourceTree = "<group>";
		};
/* End PBXGroup section */

/* Begin PBXNativeTarget section */
		66DA1F29280127360010BC1F /* Object Oriented Programming (iOS) */ = {
			isa = PBXNativeTarget;
			buildConfigurationList = 66DA1F53280127360010BC1F /* Build configuration list for PBXNativeTarget "Object Oriented Programming (iOS)" */;
			buildPhases = (
				66DA1F26280127360010BC1F /* Sources */,
				66DA1F27280127360010BC1F /* Frameworks */,
				66DA1F28280127360010BC1F /* Resources */,
			);
			buildRules = (
			);
			dependencies = (
			);
			name = "Object Oriented Programming (iOS)";
			productName = "Object Oriented Programming (iOS)";
			productReference = 66DA1F2A280127360010BC1F /* Object Oriented Programming.app */;
			productType = "com.apple.product-type.application";
		};
		66DA1F2F280127360010BC1F /* Object Oriented Programming (macOS) */ = {
			isa = PBXNativeTarget;
			buildConfigurationList = 66DA1F56280127360010BC1F /* Build configuration list for PBXNativeTarget "Object Oriented Programming (macOS)" */;
			buildPhases = (
				66DA1F2C280127360010BC1F /* Sources */,
				66DA1F2D280127360010BC1F /* Frameworks */,
				66DA1F2E280127360010BC1F /* Resources */,
			);
			buildRules = (
			);
			dependencies = (
			);
			name = "Object Oriented Programming (macOS)";
			productName = "Object Oriented Programming (macOS)";
			productReference = 66DA1F30280127360010BC1F /* Object Oriented Programming.app */;
			productType = "com.apple.product-type.application";
		};
		66DA1F36280127360010BC1F /* Tests iOS */ = {
			isa = PBXNativeTarget;
			buildConfigurationList = 66DA1F59280127360010BC1F /* Build configuration list for PBXNativeTarget "Tests iOS" */;
			buildPhases = (
				66DA1F33280127360010BC1F /* Sources */,
				66DA1F34280127360010BC1F /* Frameworks */,
				66DA1F35280127360010BC1F /* Resources */,
			);
			buildRules = (
			);
			dependencies = (
				66DA1F39280127360010BC1F /* PBXTargetDependency */,
			);
			name = "Tests iOS";
			productName = "Tests iOS";
			productReference = 66DA1F37280127360010BC1F /* Tests iOS.xctest */;
			productType = "com.apple.product-type.bundle.ui-testing";
		};
		66DA1F42280127360010BC1F /* Tests macOS */ = {
			isa = PBXNativeTarget;
			buildConfigurationList = 66DA1F5C280127360010BC1F /* Build configuration list for PBXNativeTarget "Tests macOS" */;
			buildPhases = (
				66DA1F3F280127360010BC1F /* Sources */,
				66DA1F40280127360010BC1F /* Frameworks */,
				66DA1F41280127360010BC1F /* Resources */,
			);
			buildRules = (
			);
			dependencies = (
				66DA1F45280127360010BC1F /* PBXTargetDependency */,
			);
			name = "Tests macOS";
			productName = "Tests macOS";
			productReference = 66DA1F43280127360010BC1F /* Tests macOS.xctest */;
			productType = "com.apple.product-type.bundle.ui-testing";
		};
/* End PBXNativeTarget section */

/* Begin PBXProject section */
		66DA1F1E280127330010BC1F /* Project object */ = {
			isa = PBXProject;
			attributes = {
				BuildIndependentTargetsInParallel = 1;
				LastSwiftUpdateCheck = 1330;
				LastUpgradeCheck = 1330;
				TargetAttributes = {
					66DA1F29280127360010BC1F = {
						CreatedOnToolsVersion = 13.3;
					};
					66DA1F2F280127360010BC1F = {
						CreatedOnToolsVersion = 13.3;
					};
					66DA1F36280127360010BC1F = {
						CreatedOnToolsVersion = 13.3;
						TestTargetID = 66DA1F29280127360010BC1F;
					};
					66DA1F42280127360010BC1F = {
						CreatedOnToolsVersion = 13.3;
						TestTargetID = 66DA1F2F280127360010BC1F;
					};
				};
			};
			buildConfigurationList = 66DA1F21280127330010BC1F /* Build configuration list for PBXProject "Object Oriented Programming" */;
			compatibilityVersion = "Xcode 13.0";
			developmentRegion = en;
			hasScannedForEncodings = 0;
			knownRegions = (
				en,
				Base,
			);
			mainGroup = 66DA1F1D280127330010BC1F;
			productRefGroup = 66DA1F2B280127360010BC1F /* Products */;
			projectDirPath = "";
			projectRoot = "";
			targets = (
				66DA1F29280127360010BC1F /* Object Oriented Programming (iOS) */,
				66DA1F2F280127360010BC1F /* Object Oriented Programming (macOS) */,
				66DA1F36280127360010BC1F /* Tests iOS */,
				66DA1F42280127360010BC1F /* Tests macOS */,
			);
		};
/* End PBXProject section */

/* Begin PBXResourcesBuildPhase section */
		66DA1F28280127360010BC1F /* Resources */ = {
			isa = PBXResourcesBuildPhase;
			buildActionMask = 2147483647;
			files = (
				66DA1F4F280127360010BC1F /* Assets.xcassets in Resources */,
			);
			runOnlyForDeploymentPostprocessing = 0;
		};
		66DA1F2E280127360010BC1F /* Resources */ = {
			isa = PBXResourcesBuildPhase;
			buildActionMask = 2147483647;
			files = (
				66DA1F50280127360010BC1F /* Assets.xcassets in Resources */,
			);
			runOnlyForDeploymentPostprocessing = 0;
		};
		66DA1F35280127360010BC1F /* Resources */ = {
			isa = PBXResourcesBuildPhase;
			buildActionMask = 2147483647;
			files = (
			);
			runOnlyForDeploymentPostprocessing = 0;
		};
		66DA1F41280127360010BC1F /* Resources */ = {
			isa = PBXResourcesBuildPhase;
			buildActionMask = 2147483647;
			files = (
			);
			runOnlyForDeploymentPostprocessing = 0;
		};
/* End PBXResourcesBuildPhase section */

/* Begin PBXSourcesBuildPhase section */
		66DA1F26280127360010BC1F /* Sources */ = {
			isa = PBXSourcesBuildPhase;
			buildActionMask = 2147483647;
			files = (
				66DA1F4D280127360010BC1F /* ContentView.swift in Sources */,
				66DA1F4B280127360010BC1F /* Object_Oriented_ProgrammingApp.swift in Sources */,
			);
			runOnlyForDeploymentPostprocessing = 0;
		};
		66DA1F2C280127360010BC1F /* Sources */ = {
			isa = PBXSourcesBuildPhase;
			buildActionMask = 2147483647;
			files = (
				66DA1F4E280127360010BC1F /* ContentView.swift in Sources */,
				66DA1F4C280127360010BC1F /* Object_Oriented_ProgrammingApp.swift in Sources */,
			);
			runOnlyForDeploymentPostprocessing = 0;
		};
		66DA1F33280127360010BC1F /* Sources */ = {
			isa = PBXSourcesBuildPhase;
			buildActionMask = 2147483647;
			files = (
				66DA1F3E280127360010BC1F /* Tests_iOSLaunchTests.swift in Sources */,
				66DA1F3C280127360010BC1F /* Tests_iOS.swift in Sources */,
			);
			runOnlyForDeploymentPostprocessing = 0;
		};
		66DA1F3F280127360010BC1F /* Sources */ = {
			isa = PBXSourcesBuildPhase;
			buildActionMask = 2147483647;
			files = (
				66DA1F4A280127360010BC1F /* Tests_macOSLaunchTests.swift in Sources */,
				66DA1F48280127360010BC1F /* Tests_macOS.swift in Sources */,
			);
			runOnlyForDeploymentPostprocessing = 0;
		};
/* End PBXSourcesBuildPhase section */

/* Begin PBXTargetDependency section */
		66DA1F39280127360010BC1F /* PBXTargetDependency */ = {
			isa = PBXTargetDependency;
			target = 66DA1F29280127360010BC1F /* Object Oriented Programming (iOS) */;
			targetProxy = 66DA1F38280127360010BC1F /* PBXContainerItemProxy */;
		};
		66DA1F45280127360010BC1F /* PBXTargetDependency */ = {
			isa = PBXTargetDependency;
			target = 66DA1F2F280127360010BC1F /* Object Oriented Programming (macOS) */;
			targetProxy = 66DA1F44280127360010BC1F /* PBXContainerItemProxy */;
		};
/* End PBXTargetDependency section */

/* Begin XCBuildConfiguration section */
		66DA1F51280127360010BC1F /* Debug */ = {
			isa = XCBuildConfiguration;
			buildSettings = {
				ALWAYS_SEARCH_USER_PATHS = NO;
				CLANG_ANALYZER_NONNULL = YES;
				CLANG_ANALYZER_NUMBER_OBJECT_CONVERSION = YES_AGGRESSIVE;
				CLANG_CXX_LANGUAGE_STANDARD = "gnu++17";
				CLANG_ENABLE_MODULES = YES;
				CLANG_ENABLE_OBJC_ARC = YES;
				CLANG_ENABLE_OBJC_WEAK = YES;
				CLANG_WARN_BLOCK_CAPTURE_AUTORELEASING = YES;
				CLANG_WARN_BOOL_CONVERSION = YES;
				CLANG_WARN_COMMA = YES;
				CLANG_WARN_CONSTANT_CONVERSION = YES;
				CLANG_WARN_DEPRECATED_OBJC_IMPLEMENTATIONS = YES;
				CLANG_WARN_DIRECT_OBJC_ISA_USAGE = YES_ERROR;
				CLANG_WARN_DOCUMENTATION_COMMENTS = YES;
				CLANG_WARN_EMPTY_BODY = YES;
				CLANG_WARN_ENUM_CONVERSION = YES;
				CLANG_WARN_INFINITE_RECURSION = YES;
				CLANG_WARN_INT_CONVERSION = YES;
				CLANG_WARN_NON_LITERAL_NULL_CONVERSION = YES;
				CLANG_WARN_OBJC_IMPLICIT_RETAIN_SELF = YES;
				CLANG_WARN_OBJC_LITERAL_CONVERSION = YES;
				CLANG_WARN_OBJC_ROOT_CLASS = YES_ERROR;
				CLANG_WARN_QUOTED_INCLUDE_IN_FRAMEWORK_HEADER = YES;
				CLANG_WARN_RANGE_LOOP_ANALYSIS = YES;
				CLANG_WARN_STRICT_PROTOTYPES = YES;
				CLANG_WARN_SUSPICIOUS_MOVE = YES;
				CLANG_WARN_UNGUARDED_AVAILABILITY = YES_AGGRESSIVE;
				CLANG_WARN_UNREACHABLE_CODE = YES;
				CLANG_WARN__DUPLICATE_METHOD_MATCH = YES;
				COPY_PHASE_STRIP = NO;
				DEBUG_INFORMATION_FORMAT = dwarf;
				ENABLE_STRICT_OBJC_MSGSEND = YES;
				ENABLE_TESTABILITY = YES;
				GCC_C_LANGUAGE_STANDARD = gnu11;
				GCC_DYNAMIC_NO_PIC = NO;
				GCC_NO_COMMON_BLOCKS = YES;
				GCC_OPTIMIZATION_LEVEL = 0;
				GCC_PREPROCESSOR_DEFINITIONS = (
					"DEBUG=1",
					"$(inherited)",
				);
				GCC_WARN_64_TO_32_BIT_CONVERSION = YES;
				GCC_WARN_ABOUT_RETURN_TYPE = YES_ERROR;
				GCC_WARN_UNDECLARED_SELECTOR = YES;
				GCC_WARN_UNINITIALIZED_AUTOS = YES_AGGRESSIVE;
				GCC_WARN_UNUSED_FUNCTION = YES;
				GCC_WARN_UNUSED_VARIABLE = YES;
				MTL_ENABLE_DEBUG_INFO = INCLUDE_SOURCE;
				MTL_FAST_MATH = YES;
				ONLY_ACTIVE_ARCH = YES;
				SWIFT_ACTIVE_COMPILATION_CONDITIONS = DEBUG;
				SWIFT_OPTIMIZATION_LEVEL = "-Onone";
			};
			name = Debug;
		};
		66DA1F52280127360010BC1F /* Release */ = {
			isa = XCBuildConfiguration;
			buildSettings = {
				ALWAYS_SEARCH_USER_PATHS = NO;
				CLANG_ANALYZER_NONNULL = YES;
				CLANG_ANALYZER_NUMBER_OBJECT_CONVERSION = YES_AGGRESSIVE;
				CLANG_CXX_LANGUAGE_STANDARD = "gnu++17";
				CLANG_ENABLE_MODULES = YES;
				CLANG_ENABLE_OBJC_ARC = YES;
				CLANG_ENABLE_OBJC_WEAK = YES;
				CLANG_WARN_BLOCK_CAPTURE_AUTORELEASING = YES;
				CLANG_WARN_BOOL_CONVERSION = YES;
				CLANG_WARN_COMMA = YES;
				CLANG_WARN_CONSTANT_CONVERSION = YES;
				CLANG_WARN_DEPRECATED_OBJC_IMPLEMENTATIONS = YES;
				CLANG_WARN_DIRECT_OBJC_ISA_USAGE = YES_ERROR;
				CLANG_WARN_DOCUMENTATION_COMMENTS = YES;
				CLANG_WARN_EMPTY_BODY = YES;
				CLANG_WARN_ENUM_CONVERSION = YES;
				CLANG_WARN_INFINITE_RECURSION = YES;
				CLANG_WARN_INT_CONVERSION = YES;
				CLANG_WARN_NON_LITERAL_NULL_CONVERSION = YES;
				CLANG_WARN_OBJC_IMPLICIT_RETAIN_SELF = YES;
				CLANG_WARN_OBJC_LITERAL_CONVERSION = YES;
				CLANG_WARN_OBJC_ROOT_CLASS = YES_ERROR;
				CLANG_WARN_QUOTED_INCLUDE_IN_FRAMEWORK_HEADER = YES;
				CLANG_WARN_RANGE_LOOP_ANALYSIS = YES;
				CLANG_WARN_STRICT_PROTOTYPES = YES;
				CLANG_WARN_SUSPICIOUS_MOVE = YES;
				CLANG_WARN_UNGUARDED_AVAILABILITY = YES_AGGRESSIVE;
				CLANG_WARN_UNREACHABLE_CODE = YES;
				CLANG_WARN__DUPLICATE_METHOD_MATCH = YES;
				COPY_PHASE_STRIP = NO;
				DEBUG_INFORMATION_FORMAT = "dwarf-with-dsym";
				ENABLE_NS_ASSERTIONS = NO;
				ENABLE_STRICT_OBJC_MSGSEND = YES;
				GCC_C_LANGUAGE_STANDARD = gnu11;
				GCC_NO_COMMON_BLOCKS = YES;
				GCC_WARN_64_TO_32_BIT_CONVERSION = YES;
				GCC_WARN_ABOUT_RETURN_TYPE = YES_ERROR;
				GCC_WARN_UNDECLARED_SELECTOR = YES;
				GCC_WARN_UNINITIALIZED_AUTOS = YES_AGGRESSIVE;
				GCC_WARN_UNUSED_FUNCTION = YES;
				GCC_WARN_UNUSED_VARIABLE = YES;
				MTL_ENABLE_DEBUG_INFO = NO;
				MTL_FAST_MATH = YES;
				SWIFT_COMPILATION_MODE = wholemodule;
				SWIFT_OPTIMIZATION_LEVEL = "-O";
			};
			name = Release;
		};
		66DA1F54280127360010BC1F /* Debug */ = {
			isa = XCBuildConfiguration;
			buildSettings = {
				ASSETCATALOG_COMPILER_APPICON_NAME = AppIcon;
				ASSETCATALOG_COMPILER_GLOBAL_ACCENT_COLOR_NAME = AccentColor;
				CODE_SIGN_STYLE = Automatic;
				CURRENT_PROJECT_VERSION = 1;
				DEVELOPMENT_TEAM = AAG7W7FUC9;
				ENABLE_PREVIEWS = YES;
				GENERATE_INFOPLIST_FILE = YES;
				INFOPLIST_KEY_UIApplicationSceneManifest_Generation = YES;
				INFOPLIST_KEY_UIApplicationSupportsIndirectInputEvents = YES;
				INFOPLIST_KEY_UILaunchScreen_Generation = YES;
				INFOPLIST_KEY_UISupportedInterfaceOrientations_iPad = "UIInterfaceOrientationPortrait UIInterfaceOrientationPortraitUpsideDown UIInterfaceOrientationLandscapeLeft UIInterfaceOrientationLandscapeRight";
				INFOPLIST_KEY_UISupportedInterfaceOrientations_iPhone = "UIInterfaceOrientationPortrait UIInterfaceOrientationLandscapeLeft UIInterfaceOrientationLandscapeRight";
				IPHONEOS_DEPLOYMENT_TARGET = 15.4;
				LD_RUNPATH_SEARCH_PATHS = (
					"$(inherited)",
					"@executable_path/Frameworks",
				);
				MARKETING_VERSION = 1.0;
				PRODUCT_BUNDLE_IDENTIFIER = "q.Object-Oriented-Programming";
				PRODUCT_NAME = "Object Oriented Programming";
				SDKROOT = iphoneos;
				SWIFT_EMIT_LOC_STRINGS = YES;
				SWIFT_VERSION = 5.0;
				TARGETED_DEVICE_FAMILY = "1,2";
			};
			name = Debug;
		};
		66DA1F55280127360010BC1F /* Release */ = {
			isa = XCBuildConfiguration;
			buildSettings = {
				ASSETCATALOG_COMPILER_APPICON_NAME = AppIcon;
				ASSETCATALOG_COMPILER_GLOBAL_ACCENT_COLOR_NAME = AccentColor;
				CODE_SIGN_STYLE = Automatic;
				CURRENT_PROJECT_VERSION = 1;
				DEVELOPMENT_TEAM = AAG7W7FUC9;
				ENABLE_PREVIEWS = YES;
				GENERATE_INFOPLIST_FILE = YES;
				INFOPLIST_KEY_UIApplicationSceneManifest_Generation = YES;
				INFOPLIST_KEY_UIApplicationSupportsIndirectInputEvents = YES;
				INFOPLIST_KEY_UILaunchScreen_Generation = YES;
				INFOPLIST_KEY_UISupportedInterfaceOrientations_iPad = "UIInterfaceOrientationPortrait UIInterfaceOrientationPortraitUpsideDown UIInterfaceOrientationLandscapeLeft UIInterfaceOrientationLandscapeRight";
				INFOPLIST_KEY_UISupportedInterfaceOrientations_iPhone = "UIInterfaceOrientationPortrait UIInterfaceOrientationLandscapeLeft UIInterfaceOrientationLandscapeRight";
				IPHONEOS_DEPLOYMENT_TARGET = 15.4;
				LD_RUNPATH_SEARCH_PATHS = (
					"$(inherited)",
					"@executable_path/Frameworks",
				);
				MARKETING_VERSION = 1.0;
				PRODUCT_BUNDLE_IDENTIFIER = "q.Object-Oriented-Programming";
				PRODUCT_NAME = "Object Oriented Programming";
				SDKROOT = iphoneos;
				SWIFT_EMIT_LOC_STRINGS = YES;
				SWIFT_VERSION = 5.0;
				TARGETED_DEVICE_FAMILY = "1,2";
				VALIDATE_PRODUCT = YES;
			};
			name = Release;
		};
		66DA1F57280127360010BC1F /* Debug */ = {
			isa = XCBuildConfiguration;
			buildSettings = {
				ASSETCATALOG_COMPILER_APPICON_NAME = AppIcon;
				ASSETCATALOG_COMPILER_GLOBAL_ACCENT_COLOR_NAME = AccentColor;
				CODE_SIGN_ENTITLEMENTS = macOS/macOS.entitlements;
				CODE_SIGN_STYLE = Automatic;
				COMBINE_HIDPI_IMAGES = YES;
				CURRENT_PROJECT_VERSION = 1;
				DEVELOPMENT_TEAM = AAG7W7FUC9;
				ENABLE_HARDENED_RUNTIME = YES;
				ENABLE_PREVIEWS = YES;
				GENERATE_INFOPLIST_FILE = YES;
				INFOPLIST_KEY_NSHumanReadableCopyright = "";
				LD_RUNPATH_SEARCH_PATHS = (
					"$(inherited)",
					"@executable_path/../Frameworks",
				);
				MACOSX_DEPLOYMENT_TARGET = 12.0;
				MARKETING_VERSION = 1.0;
				PRODUCT_BUNDLE_IDENTIFIER = "q.Object-Oriented-Programming";
				PRODUCT_NAME = "Object Oriented Programming";
				SDKROOT = macosx;
				SWIFT_EMIT_LOC_STRINGS = YES;
				SWIFT_VERSION = 5.0;
			};
			name = Debug;
		};
		66DA1F58280127360010BC1F /* Release */ = {
			isa = XCBuildConfiguration;
			buildSettings = {
				ASSETCATALOG_COMPILER_APPICON_NAME = AppIcon;
				ASSETCATALOG_COMPILER_GLOBAL_ACCENT_COLOR_NAME = AccentColor;
				CODE_SIGN_ENTITLEMENTS = macOS/macOS.entitlements;
				CODE_SIGN_STYLE = Automatic;
				COMBINE_HIDPI_IMAGES = YES;
				CURRENT_PROJECT_VERSION = 1;
				DEVELOPMENT_TEAM = AAG7W7FUC9;
				ENABLE_HARDENED_RUNTIME = YES;
				ENABLE_PREVIEWS = YES;
				GENERATE_INFOPLIST_FILE = YES;
				INFOPLIST_KEY_NSHumanReadableCopyright = "";
				LD_RUNPATH_SEARCH_PATHS = (
					"$(inherited)",
					"@executable_path/../Frameworks",
				);
				MACOSX_DEPLOYMENT_TARGET = 12.0;
				MARKETING_VERSION = 1.0;
				PRODUCT_BUNDLE_IDENTIFIER = "q.Object-Oriented-Programming";
				PRODUCT_NAME = "Object Oriented Programming";
				SDKROOT = macosx;
				SWIFT_EMIT_LOC_STRINGS = YES;
				SWIFT_VERSION = 5.0;
			};
			name = Release;
		};
		66DA1F5A280127360010BC1F /* Debug */ = {
			isa = XCBuildConfiguration;
			buildSettings = {
				ALWAYS_EMBED_SWIFT_STANDARD_LIBRARIES = YES;
				CODE_SIGN_STYLE = Automatic;
				CURRENT_PROJECT_VERSION = 1;
				DEVELOPMENT_TEAM = AAG7W7FUC9;
				GENERATE_INFOPLIST_FILE = YES;
				IPHONEOS_DEPLOYMENT_TARGET = 15.4;
				MARKETING_VERSION = 1.0;
				PRODUCT_BUNDLE_IDENTIFIER = "q.Tests-iOS";
				PRODUCT_NAME = "$(TARGET_NAME)";
				SDKROOT = iphoneos;
				SWIFT_EMIT_LOC_STRINGS = NO;
				SWIFT_VERSION = 5.0;
				TARGETED_DEVICE_FAMILY = "1,2";
				TEST_TARGET_NAME = "Object Oriented Programming (iOS)";
			};
			name = Debug;
		};
		66DA1F5B280127360010BC1F /* Release */ = {
			isa = XCBuildConfiguration;
			buildSettings = {
				ALWAYS_EMBED_SWIFT_STANDARD_LIBRARIES = YES;
				CODE_SIGN_STYLE = Automatic;
				CURRENT_PROJECT_VERSION = 1;
				DEVELOPMENT_TEAM = AAG7W7FUC9;
				GENERATE_INFOPLIST_FILE = YES;
				IPHONEOS_DEPLOYMENT_TARGET = 15.4;
				MARKETING_VERSION = 1.0;
				PRODUCT_BUNDLE_IDENTIFIER = "q.Tests-iOS";
				PRODUCT_NAME = "$(TARGET_NAME)";
				SDKROOT = iphoneos;
				SWIFT_EMIT_LOC_STRINGS = NO;
				SWIFT_VERSION = 5.0;
				TARGETED_DEVICE_FAMILY = "1,2";
				TEST_TARGET_NAME = "Object Oriented Programming (iOS)";
				VALIDATE_PRODUCT = YES;
			};
			name = Release;
		};
		66DA1F5D280127360010BC1F /* Debug */ = {
			isa = XCBuildConfiguration;
			buildSettings = {
				ALWAYS_EMBED_SWIFT_STANDARD_LIBRARIES = YES;
				CODE_SIGN_STYLE = Automatic;
				CURRENT_PROJECT_VERSION = 1;
				DEVELOPMENT_TEAM = AAG7W7FUC9;
				GENERATE_INFOPLIST_FILE = YES;
				MACOSX_DEPLOYMENT_TARGET = 12.0;
				MARKETING_VERSION = 1.0;
				PRODUCT_BUNDLE_IDENTIFIER = "q.Tests-macOS";
				PRODUCT_NAME = "$(TARGET_NAME)";
				SDKROOT = macosx;
				SWIFT_EMIT_LOC_STRINGS = NO;
				SWIFT_VERSION = 5.0;
				TEST_TARGET_NAME = "Object Oriented Programming (macOS)";
			};
			name = Debug;
		};
		66DA1F5E280127360010BC1F /* Release */ = {
			isa = XCBuildConfiguration;
			buildSettings = {
				ALWAYS_EMBED_SWIFT_STANDARD_LIBRARIES = YES;
				CODE_SIGN_STYLE = Automatic;
				CURRENT_PROJECT_VERSION = 1;
				DEVELOPMENT_TEAM = AAG7W7FUC9;
				GENERATE_INFOPLIST_FILE = YES;
				MACOSX_DEPLOYMENT_TARGET = 12.0;
				MARKETING_VERSION = 1.0;
				PRODUCT_BUNDLE_IDENTIFIER = "q.Tests-macOS";
				PRODUCT_NAME = "$(TARGET_NAME)";
				SDKROOT = macosx;
				SWIFT_EMIT_LOC_STRINGS = NO;
				SWIFT_VERSION = 5.0;
				TEST_TARGET_NAME = "Object Oriented Programming (macOS)";
			};
			name = Release;
		};
/* End XCBuildConfiguration section */

/* Begin XCConfigurationList section */
		66DA1F21280127330010BC1F /* Build configuration list for PBXProject "Object Oriented Programming" */ = {
			isa = XCConfigurationList;
			buildConfigurations = (
				66DA1F51280127360010BC1F /* Debug */,
				66DA1F52280127360010BC1F /* Release */,
			);
			defaultConfigurationIsVisible = 0;
			defaultConfigurationName = Release;
		};
		66DA1F53280127360010BC1F /* Build configuration list for PBXNativeTarget "Object Oriented Programming (iOS)" */ = {
			isa = XCConfigurationList;
			buildConfigurations = (
				66DA1F54280127360010BC1F /* Debug */,
				66DA1F55280127360010BC1F /* Release */,
			);
			defaultConfigurationIsVisible = 0;
			defaultConfigurationName = Release;
		};
		66DA1F56280127360010BC1F /* Build configuration list for PBXNativeTarget "Object Oriented Programming (macOS)" */ = {
			isa = XCConfigurationList;
			buildConfigurations = (
				66DA1F57280127360010BC1F /* Debug */,
				66DA1F58280127360010BC1F /* Release */,
			);
			defaultConfigurationIsVisible = 0;
			defaultConfigurationName = Release;
		};
		66DA1F59280127360010BC1F /* Build configuration list for PBXNativeTarget "Tests iOS" */ = {
			isa = XCConfigurationList;
			buildConfigurations = (
				66DA1F5A280127360010BC1F /* Debug */,
				66DA1F5B280127360010BC1F /* Release */,
			);
			defaultConfigurationIsVisible = 0;
			defaultConfigurationName = Release;
		};
		66DA1F5C280127360010BC1F /* Build configuration list for PBXNativeTarget "Tests macOS" */ = {
			isa = XCConfigurationList;
			buildConfigurations = (
				66DA1F5D280127360010BC1F /* Debug */,
				66DA1F5E280127360010BC1F /* Release */,
			);
			defaultConfigurationIsVisible = 0;
			defaultConfigurationName = Release;
		};
/* End XCConfigurationList section */
	};
	rootObject = 66DA1F1E280127330010BC1F /* Project object */;
}
